
Microsoft Visual Studio Solution File, Format Version 12.00
# Visual Studio Version 16
VisualStudioVersion = 16.0.29728.190
MinimumVisualStudioVersion = 10.0.40219.1
Project("{9A19103F-16F7-4668-BE54-9A1E7A4F7556}") = "PetanquePlanningApi", "PetanquePlanningApi\PetanquePlanningApi.csproj", "{1C9E0CB0-9207-44BD-BB3B-D1AADA6E11A2}"
EndProject
Project("{2150E333-8FDC-42A3-9474-1A3956D46DE8}") = "Src", "Src", "{633A4C6B-346C-4DAF-88DD-37A80399546B}"
EndProject
Project("{2150E333-8FDC-42A3-9474-1A3956D46DE8}") = "Business", "Business", "{3F41AB91-F15B-4ACE-BF53-916A6B32A446}"
EndProject
Project("{2150E333-8FDC-42A3-9474-1A3956D46DE8}") = "Tools", "Tools", "{B82BFC4D-8937-44D2-B6C2-6FA9740933EF}"
EndProject
Project("{9A19103F-16F7-4668-BE54-9A1E7A4F7556}") = "Tools", "..\..\CSharp-Tools\Tools\Tools.csproj", "{8D2B7960-D228-4827-9335-FEB7A89FA52E}"
EndProject
Project("{9A19103F-16F7-4668-BE54-9A1E7A4F7556}") = "Tools.Api", "..\..\CSharp-Tools\Tools.Api\Tools.Api.csproj", "{F20715C3-97B5-47A5-ACD6-4FAAF2319E03}"
EndProject
Project("{9A19103F-16F7-4668-BE54-9A1E7A4F7556}") = "Tools.Application", "..\..\CSharp-Tools\Tools.Application\Tools.Application.csproj", "{9B8A76B1-C3BB-4270-989E-6FB6F77E46CD}"
EndProject
Project("{9A19103F-16F7-4668-BE54-9A1E7A4F7556}") = "Tools.Domain", "..\..\CSharp-Tools\Tools.Domain\Tools.Domain.csproj", "{0889E8A3-B424-4083-8B0E-CB38A9CF37CD}"
EndProject
Project("{9A19103F-16F7-4668-BE54-9A1E7A4F7556}") = "Tools.Http", "..\..\CSharp-Tools\Tools.Http\Tools.Http.csproj", "{C7BB6570-524C-442A-BB83-B440CFEBAEBD}"
EndProject
Project("{9A19103F-16F7-4668-BE54-9A1E7A4F7556}") = "Tools.Infrastructure", "..\..\CSharp-Tools\Tools.Infrastructure\Tools.Infrastructure.csproj", "{332E8EB4-FA43-46F4-874C-0ABFA5124168}"
EndProject
Project("{9A19103F-16F7-4668-BE54-9A1E7A4F7556}") = "Tools.Api.OData", "..\..\CSharp-Tools\Tools.Api.OData\Tools.Api.OData.csproj", "{1BFB2FE7-D1EA-4EAD-9173-5403E0E98B31}"
EndProject
Project("{2150E333-8FDC-42A3-9474-1A3956D46DE8}") = "Core", "Core", "{26B8E828-13E4-4988-8F3B-AAA8F9BC855C}"
EndProject
Project("{9A19103F-16F7-4668-BE54-9A1E7A4F7556}") = "PetanquePlanning.Business.Core.Presentation", "PetanquePlanning.Business.Core.Presentation\PetanquePlanning.Business.Core.Presentation.csproj", "{1A191051-013A-4CD3-9421-1FF239BE3C0C}"
EndProject
Project("{9A19103F-16F7-4668-BE54-9A1E7A4F7556}") = "PetanquePlanning.Business.Core.Domain", "PetanquePlanning.Business.Core.Domain\PetanquePlanning.Business.Core.Domain.csproj", "{E8364611-D111-4525-A2D1-3B654186C2AA}"
EndProject
Project("{9A19103F-16F7-4668-BE54-9A1E7A4F7556}") = "Tools.GeoLocation.Domain", "..\..\CSharp-Tools\Tools.GeoLocation.Domain\Tools.GeoLocation.Domain.csproj", "{D3EB1CEE-37CA-44C1-98E8-484F0B291D27}"
EndProject
Project("{2150E333-8FDC-42A3-9474-1A3956D46DE8}") = "Identity", "Identity", "{8E01E91E-2961-437D-8D22-BFAD8248C73B}"
EndProject
Project("{9A19103F-16F7-4668-BE54-9A1E7A4F7556}") = "PetanquePlanning.Business.Identity.Domain", "PetanquePlanning.Business.Identity.Domain\PetanquePlanning.Business.Identity.Domain.csproj", "{0D876E77-AD5E-4B5D-A94F-265FAED798E4}"
EndProject
Project("{9A19103F-16F7-4668-BE54-9A1E7A4F7556}") = "PetanquePlanning.Business.Core.Infrastructure.Abstractions", "PetanquePlanning.Business.Core.Infrastructure.Abstractions\PetanquePlanning.Business.Core.Infrastructure.Abstractions.csproj", "{F43D5379-E99F-4878-B13C-46C1B4DE60BC}"
EndProject
Project("{2150E333-8FDC-42A3-9474-1A3956D46DE8}") = "Location", "Location", "{5DE6563E-6720-4107-A7B7-5004EBD020A1}"
EndProject
Project("{FAE04EC0-301F-11D3-BF4B-00C04F79EFBC}") = "PetanquePlanning.Business.Location.Domain", "PetanquePlanning.Business.Location.Domain\PetanquePlanning.Business.Location.Domain.csproj", "{20B871BB-8B39-4C2C-A1FB-B50EBD09C1DC}"
EndProject
Project("{FAE04EC0-301F-11D3-BF4B-00C04F79EFBC}") = "PetanquePlanning.Business.Location.Infrastructure.Abstractions", "PetanquePlanning.Business.Location.Infrastructure.Abstractions\PetanquePlanning.Business.Location.Infrastructure.Abstractions.csproj", "{A3460FC5-3C76-45AC-9CF2-CBE4EA8D5B94}"
EndProject
Project("{FAE04EC0-301F-11D3-BF4B-00C04F79EFBC}") = "PetanquePlanning.Business.Location.Infrastructure.EntityFramework", "PetanquePlanning.Business.Location.Infrastructure.EntityFramework\PetanquePlanning.Business.Location.Infrastructure.EntityFramework.csproj", "{85843977-A4C2-4D59-A080-BA665C90EC6D}"
EndProject
Project("{FAE04EC0-301F-11D3-BF4B-00C04F79EFBC}") = "PetanquePlanning.Business.Location.Application.Abstractions", "PetanquePlanning.Business.Location.Application.Abstractions\PetanquePlanning.Business.Location.Application.Abstractions.csproj", "{32B8ACDF-8D92-4EE2-9F9E-002B39BAA75F}"
EndProject
Project("{FAE04EC0-301F-11D3-BF4B-00C04F79EFBC}") = "PetanquePlanning.Business.Location.Application", "PetanquePlanning.Business.Location.Application\PetanquePlanning.Business.Location.Application.csproj", "{956BB644-A4D6-4280-AB57-726629CB12EC}"
EndProject
Project("{FAE04EC0-301F-11D3-BF4B-00C04F79EFBC}") = "PetanquePlanning.Business.Location.Presentation", "PetanquePlanning.Business.Location.Presentation\PetanquePlanning.Business.Location.Presentation.csproj", "{5FB3D56E-F61E-4FBC-8234-0F61328A64ED}"
EndProject
Global
	GlobalSection(SolutionConfigurationPlatforms) = preSolution
		Debug|Any CPU = Debug|Any CPU
		Release|Any CPU = Release|Any CPU
	EndGlobalSection
	GlobalSection(ProjectConfigurationPlatforms) = postSolution
		{1C9E0CB0-9207-44BD-BB3B-D1AADA6E11A2}.Debug|Any CPU.ActiveCfg = Debug|Any CPU
		{1C9E0CB0-9207-44BD-BB3B-D1AADA6E11A2}.Debug|Any CPU.Build.0 = Debug|Any CPU
		{1C9E0CB0-9207-44BD-BB3B-D1AADA6E11A2}.Release|Any CPU.ActiveCfg = Release|Any CPU
		{1C9E0CB0-9207-44BD-BB3B-D1AADA6E11A2}.Release|Any CPU.Build.0 = Release|Any CPU
		{8D2B7960-D228-4827-9335-FEB7A89FA52E}.Debug|Any CPU.ActiveCfg = Debug|Any CPU
		{8D2B7960-D228-4827-9335-FEB7A89FA52E}.Debug|Any CPU.Build.0 = Debug|Any CPU
		{8D2B7960-D228-4827-9335-FEB7A89FA52E}.Release|Any CPU.ActiveCfg = Release|Any CPU
		{8D2B7960-D228-4827-9335-FEB7A89FA52E}.Release|Any CPU.Build.0 = Release|Any CPU
		{F20715C3-97B5-47A5-ACD6-4FAAF2319E03}.Debug|Any CPU.ActiveCfg = Debug|Any CPU
		{F20715C3-97B5-47A5-ACD6-4FAAF2319E03}.Debug|Any CPU.Build.0 = Debug|Any CPU
		{F20715C3-97B5-47A5-ACD6-4FAAF2319E03}.Release|Any CPU.ActiveCfg = Release|Any CPU
		{F20715C3-97B5-47A5-ACD6-4FAAF2319E03}.Release|Any CPU.Build.0 = Release|Any CPU
		{9B8A76B1-C3BB-4270-989E-6FB6F77E46CD}.Debug|Any CPU.ActiveCfg = Debug|Any CPU
		{9B8A76B1-C3BB-4270-989E-6FB6F77E46CD}.Debug|Any CPU.Build.0 = Debug|Any CPU
		{9B8A76B1-C3BB-4270-989E-6FB6F77E46CD}.Release|Any CPU.ActiveCfg = Release|Any CPU
		{9B8A76B1-C3BB-4270-989E-6FB6F77E46CD}.Release|Any CPU.Build.0 = Release|Any CPU
		{0889E8A3-B424-4083-8B0E-CB38A9CF37CD}.Debug|Any CPU.ActiveCfg = Debug|Any CPU
		{0889E8A3-B424-4083-8B0E-CB38A9CF37CD}.Debug|Any CPU.Build.0 = Debug|Any CPU
		{0889E8A3-B424-4083-8B0E-CB38A9CF37CD}.Release|Any CPU.ActiveCfg = Release|Any CPU
		{0889E8A3-B424-4083-8B0E-CB38A9CF37CD}.Release|Any CPU.Build.0 = Release|Any CPU
		{C7BB6570-524C-442A-BB83-B440CFEBAEBD}.Debug|Any CPU.ActiveCfg = Debug|Any CPU
		{C7BB6570-524C-442A-BB83-B440CFEBAEBD}.Debug|Any CPU.Build.0 = Debug|Any CPU
		{C7BB6570-524C-442A-BB83-B440CFEBAEBD}.Release|Any CPU.ActiveCfg = Release|Any CPU
		{C7BB6570-524C-442A-BB83-B440CFEBAEBD}.Release|Any CPU.Build.0 = Release|Any CPU
		{332E8EB4-FA43-46F4-874C-0ABFA5124168}.Debug|Any CPU.ActiveCfg = Debug|Any CPU
		{332E8EB4-FA43-46F4-874C-0ABFA5124168}.Debug|Any CPU.Build.0 = Debug|Any CPU
		{332E8EB4-FA43-46F4-874C-0ABFA5124168}.Release|Any CPU.ActiveCfg = Release|Any CPU
		{332E8EB4-FA43-46F4-874C-0ABFA5124168}.Release|Any CPU.Build.0 = Release|Any CPU
		{1BFB2FE7-D1EA-4EAD-9173-5403E0E98B31}.Debug|Any CPU.ActiveCfg = Debug|Any CPU
		{1BFB2FE7-D1EA-4EAD-9173-5403E0E98B31}.Debug|Any CPU.Build.0 = Debug|Any CPU
		{1BFB2FE7-D1EA-4EAD-9173-5403E0E98B31}.Release|Any CPU.ActiveCfg = Release|Any CPU
		{1BFB2FE7-D1EA-4EAD-9173-5403E0E98B31}.Release|Any CPU.Build.0 = Release|Any CPU
		{1A191051-013A-4CD3-9421-1FF239BE3C0C}.Debug|Any CPU.ActiveCfg = Debug|Any CPU
		{1A191051-013A-4CD3-9421-1FF239BE3C0C}.Debug|Any CPU.Build.0 = Debug|Any CPU
		{1A191051-013A-4CD3-9421-1FF239BE3C0C}.Release|Any CPU.ActiveCfg = Release|Any CPU
		{1A191051-013A-4CD3-9421-1FF239BE3C0C}.Release|Any CPU.Build.0 = Release|Any CPU
		{E8364611-D111-4525-A2D1-3B654186C2AA}.Debug|Any CPU.ActiveCfg = Debug|Any CPU
		{E8364611-D111-4525-A2D1-3B654186C2AA}.Debug|Any CPU.Build.0 = Debug|Any CPU
		{E8364611-D111-4525-A2D1-3B654186C2AA}.Release|Any CPU.ActiveCfg = Release|Any CPU
		{E8364611-D111-4525-A2D1-3B654186C2AA}.Release|Any CPU.Build.0 = Release|Any CPU
		{D3EB1CEE-37CA-44C1-98E8-484F0B291D27}.Debug|Any CPU.ActiveCfg = Debug|Any CPU
		{D3EB1CEE-37CA-44C1-98E8-484F0B291D27}.Debug|Any CPU.Build.0 = Debug|Any CPU
		{D3EB1CEE-37CA-44C1-98E8-484F0B291D27}.Release|Any CPU.ActiveCfg = Release|Any CPU
		{D3EB1CEE-37CA-44C1-98E8-484F0B291D27}.Release|Any CPU.Build.0 = Release|Any CPU
		{0D876E77-AD5E-4B5D-A94F-265FAED798E4}.Debug|Any CPU.ActiveCfg = Debug|Any CPU
		{0D876E77-AD5E-4B5D-A94F-265FAED798E4}.Debug|Any CPU.Build.0 = Debug|Any CPU
		{0D876E77-AD5E-4B5D-A94F-265FAED798E4}.Release|Any CPU.ActiveCfg = Release|Any CPU
		{0D876E77-AD5E-4B5D-A94F-265FAED798E4}.Release|Any CPU.Build.0 = Release|Any CPU
		{F43D5379-E99F-4878-B13C-46C1B4DE60BC}.Debug|Any CPU.ActiveCfg = Debug|Any CPU
		{F43D5379-E99F-4878-B13C-46C1B4DE60BC}.Debug|Any CPU.Build.0 = Debug|Any CPU
		{F43D5379-E99F-4878-B13C-46C1B4DE60BC}.Release|Any CPU.ActiveCfg = Release|Any CPU
		{F43D5379-E99F-4878-B13C-46C1B4DE60BC}.Release|Any CPU.Build.0 = Release|Any CPU
		{20B871BB-8B39-4C2C-A1FB-B50EBD09C1DC}.Debug|Any CPU.ActiveCfg = Debug|Any CPU
		{20B871BB-8B39-4C2C-A1FB-B50EBD09C1DC}.Debug|Any CPU.Build.0 = Debug|Any CPU
		{20B871BB-8B39-4C2C-A1FB-B50EBD09C1DC}.Release|Any CPU.ActiveCfg = Release|Any CPU
		{20B871BB-8B39-4C2C-A1FB-B50EBD09C1DC}.Release|Any CPU.Build.0 = Release|Any CPU
		{A3460FC5-3C76-45AC-9CF2-CBE4EA8D5B94}.Debug|Any CPU.ActiveCfg = Debug|Any CPU
		{A3460FC5-3C76-45AC-9CF2-CBE4EA8D5B94}.Debug|Any CPU.Build.0 = Debug|Any CPU
		{A3460FC5-3C76-45AC-9CF2-CBE4EA8D5B94}.Release|Any CPU.ActiveCfg = Release|Any CPU
		{A3460FC5-3C76-45AC-9CF2-CBE4EA8D5B94}.Release|Any CPU.Build.0 = Release|Any CPU
		{85843977-A4C2-4D59-A080-BA665C90EC6D}.Debug|Any CPU.ActiveCfg = Debug|Any CPU
		{85843977-A4C2-4D59-A080-BA665C90EC6D}.Debug|Any CPU.Build.0 = Debug|Any CPU
		{85843977-A4C2-4D59-A080-BA665C90EC6D}.Release|Any CPU.ActiveCfg = Release|Any CPU
		{85843977-A4C2-4D59-A080-BA665C90EC6D}.Release|Any CPU.Build.0 = Release|Any CPU
		{32B8ACDF-8D92-4EE2-9F9E-002B39BAA75F}.Debug|Any CPU.ActiveCfg = Debug|Any CPU
		{32B8ACDF-8D92-4EE2-9F9E-002B39BAA75F}.Debug|Any CPU.Build.0 = Debug|Any CPU
		{32B8ACDF-8D92-4EE2-9F9E-002B39BAA75F}.Release|Any CPU.ActiveCfg = Release|Any CPU
		{32B8ACDF-8D92-4EE2-9F9E-002B39BAA75F}.Release|Any CPU.Build.0 = Release|Any CPU
		{956BB644-A4D6-4280-AB57-726629CB12EC}.Debug|Any CPU.ActiveCfg = Debug|Any CPU
		{956BB644-A4D6-4280-AB57-726629CB12EC}.Debug|Any CPU.Build.0 = Debug|Any CPU
		{956BB644-A4D6-4280-AB57-726629CB12EC}.Release|Any CPU.ActiveCfg = Release|Any CPU
		{956BB644-A4D6-4280-AB57-726629CB12EC}.Release|Any CPU.Build.0 = Release|Any CPU
		{5FB3D56E-F61E-4FBC-8234-0F61328A64ED}.Debug|Any CPU.ActiveCfg = Debug|Any CPU
		{5FB3D56E-F61E-4FBC-8234-0F61328A64ED}.Debug|Any CPU.Build.0 = Debug|Any CPU
		{5FB3D56E-F61E-4FBC-8234-0F61328A64ED}.Release|Any CPU.ActiveCfg = Release|Any CPU
		{5FB3D56E-F61E-4FBC-8234-0F61328A64ED}.Release|Any CPU.Build.0 = Release|Any CPU
	EndGlobalSection
	GlobalSection(SolutionProperties) = preSolution
		HideSolutionNode = FALSE
	EndGlobalSection
	GlobalSection(NestedProjects) = preSolution
		{1C9E0CB0-9207-44BD-BB3B-D1AADA6E11A2} = {633A4C6B-346C-4DAF-88DD-37A80399546B}
		{3F41AB91-F15B-4ACE-BF53-916A6B32A446} = {633A4C6B-346C-4DAF-88DD-37A80399546B}
		{B82BFC4D-8937-44D2-B6C2-6FA9740933EF} = {633A4C6B-346C-4DAF-88DD-37A80399546B}
		{8D2B7960-D228-4827-9335-FEB7A89FA52E} = {B82BFC4D-8937-44D2-B6C2-6FA9740933EF}
		{F20715C3-97B5-47A5-ACD6-4FAAF2319E03} = {B82BFC4D-8937-44D2-B6C2-6FA9740933EF}
		{9B8A76B1-C3BB-4270-989E-6FB6F77E46CD} = {B82BFC4D-8937-44D2-B6C2-6FA9740933EF}
		{0889E8A3-B424-4083-8B0E-CB38A9CF37CD} = {B82BFC4D-8937-44D2-B6C2-6FA9740933EF}
		{C7BB6570-524C-442A-BB83-B440CFEBAEBD} = {B82BFC4D-8937-44D2-B6C2-6FA9740933EF}
		{332E8EB4-FA43-46F4-874C-0ABFA5124168} = {B82BFC4D-8937-44D2-B6C2-6FA9740933EF}
		{1BFB2FE7-D1EA-4EAD-9173-5403E0E98B31} = {B82BFC4D-8937-44D2-B6C2-6FA9740933EF}
		{26B8E828-13E4-4988-8F3B-AAA8F9BC855C} = {3F41AB91-F15B-4ACE-BF53-916A6B32A446}
		{1A191051-013A-4CD3-9421-1FF239BE3C0C} = {26B8E828-13E4-4988-8F3B-AAA8F9BC855C}
		{E8364611-D111-4525-A2D1-3B654186C2AA} = {26B8E828-13E4-4988-8F3B-AAA8F9BC855C}
		{D3EB1CEE-37CA-44C1-98E8-484F0B291D27} = {B82BFC4D-8937-44D2-B6C2-6FA9740933EF}
		{8E01E91E-2961-437D-8D22-BFAD8248C73B} = {3F41AB91-F15B-4ACE-BF53-916A6B32A446}
		{0D876E77-AD5E-4B5D-A94F-265FAED798E4} = {8E01E91E-2961-437D-8D22-BFAD8248C73B}
		{F43D5379-E99F-4878-B13C-46C1B4DE60BC} = {26B8E828-13E4-4988-8F3B-AAA8F9BC855C}
		{5DE6563E-6720-4107-A7B7-5004EBD020A1} = {3F41AB91-F15B-4ACE-BF53-916A6B32A446}
		{20B871BB-8B39-4C2C-A1FB-B50EBD09C1DC} = {5DE6563E-6720-4107-A7B7-5004EBD020A1}
		{A3460FC5-3C76-45AC-9CF2-CBE4EA8D5B94} = {5DE6563E-6720-4107-A7B7-5004EBD020A1}
		{85843977-A4C2-4D59-A080-BA665C90EC6D} = {5DE6563E-6720-4107-A7B7-5004EBD020A1}
		{32B8ACDF-8D92-4EE2-9F9E-002B39BAA75F} = {5DE6563E-6720-4107-A7B7-5004EBD020A1}
		{956BB644-A4D6-4280-AB57-726629CB12EC} = {5DE6563E-6720-4107-A7B7-5004EBD020A1}
		{5FB3D56E-F61E-4FBC-8234-0F61328A64ED} = {5DE6563E-6720-4107-A7B7-5004EBD020A1}
	EndGlobalSection
	GlobalSection(ExtensibilityGlobals) = postSolution
		SolutionGuid = {7838669D-C8FB-44B7-8CC5-990EA7C7A69B}
	EndGlobalSection
EndGlobal
